
Microsoft Visual Studio Solution File, Format Version 12.00
# Visual Studio Version 17
VisualStudioVersion = 17.11.35327.3
MinimumVisualStudioVersion = 10.0.40219.1
Project("{FAE04EC0-301F-11D3-BF4B-00C04F79EFBC}") = "TrabajoFinal", "TrabajoFinal\TrabajoFinal.csproj", "{29CF3F01-E9EC-4173-BA66-5223669208CE}"
EndProject
Global
	GlobalSection(SolutionConfigurationPlatforms) = preSolution
		Debug|Any CPU = Debug|Any CPU
		Release|Any CPU = Release|Any CPU
	EndGlobalSection
	GlobalSection(ProjectConfigurationPlatforms) = postSolution
		{29CF3F01-E9EC-4173-BA66-5223669208CE}.Debug|Any CPU.ActiveCfg = Debug|Any CPU
		{29CF3F01-E9EC-4173-BA66-5223669208CE}.Debug|Any CPU.Build.0 = Debug|Any CPU
		{29CF3F01-E9EC-4173-BA66-5223669208CE}.Release|Any CPU.ActiveCfg = Release|Any CPU
		{29CF3F01-E9EC-4173-BA66-5223669208CE}.Release|Any CPU.Build.0 = Release|Any CPU
	EndGlobalSection
	GlobalSection(SolutionProperties) = preSolution
		HideSolutionNode = FALSE
	EndGlobalSection
	GlobalSection(ExtensibilityGlobals) = postSolution
		SolutionGuid = {16ED39E5-EC42-412B-9C20-4F7A226FC2B8}
	EndGlobalSection
EndGlobal
